PODS:
  - SwiftFormat/CLI (0.52.4)
  - SwiftLint (0.53.0)

DEPENDENCIES:
  - SwiftFormat/CLI
  - SwiftLint

SPEC REPOS:
  trunk:
    - SwiftFormat
    - SwiftLint

SPEC CHECKSUMS:
  SwiftFormat: 3471ff966ddb724bd7acd091c865aaa6582dde08
  SwiftLint: 5ce4d6a8ff83f1b5fd5ad5dbf30965d35af65e44

PODFILE CHECKSUM: 1ba3984a3c12a07d2dda2d90f8ec088bb51b417f

COCOAPODS: 1.13.0
