PODS:
  - SwiftFormat/CLI (0.58.7)
  - SwiftLint (0.62.2)

DEPENDENCIES:
  - SwiftFormat/CLI
  - SwiftLint

SPEC REPOS:
  trunk:
    - SwiftFormat
    - SwiftLint

SPEC CHECKSUMS:
  SwiftFormat: 101eb1f937296342c837851bed442344261b2860
  SwiftLint: f84fc7d844e9cde0dc4f5013af608a269e317aba

PODFILE CHECKSUM: 1ba3984a3c12a07d2dda2d90f8ec088bb51b417f

COCOAPODS: 1.16.2
