PODS:
  - SwiftFormat/CLI (0.52.4)
  - SwiftLint (0.53.0)

DEPENDENCIES:
  - SwiftFormat/CLI (~> 0.49)
  - SwiftLint

SPEC REPOS:
  trunk:
    - SwiftFormat
    - SwiftLint

SPEC CHECKSUMS:
  SwiftFormat: 3471ff966ddb724bd7acd091c865aaa6582dde08
  SwiftLint: 5ce4d6a8ff83f1b5fd5ad5dbf30965d35af65e44

PODFILE CHECKSUM: b143d7935966c80899d126a28b710cef3aa614b0

COCOAPODS: 1.13.0
