// !$*UTF8*$!
{
	archiveVersion = 1;
	classes = {
	};
	objectVersion = 54;
	objects = {

/* Begin PBXBuildFile section */
		8488CCA531537608C7F22939 /* Pods_Template.framework in Frameworks */ = {isa = PBXBuildFile; fileRef = AEDFA0F1CD9A595EE8AF0DC6 /* Pods_Template.framework */; };
		A206F7DA28AC4FD7008FFE18 /* LocalizedStrings.plist in Resources */ = {isa = PBXBuildFile; fileRef = A206F7D928AC4FD7008FFE18 /* LocalizedStrings.plist */; };
		A2DF2C5528199B660089DEA1 /* AppDelegate.swift in Sources */ = {isa = PBXBuildFile; fileRef = A2DF2C5428199B660089DEA1 /* AppDelegate.swift */; };
		A2DF2C5728199B660089DEA1 /* SceneDelegate.swift in Sources */ = {isa = PBXBuildFile; fileRef = A2DF2C5628199B660089DEA1 /* SceneDelegate.swift */; };
		A2DF2C5B28199B670089DEA1 /* Assets.xcassets in Resources */ = {isa = PBXBuildFile; fileRef = A2DF2C5A28199B670089DEA1 /* Assets.xcassets */; };
		A2DF2C7328199C3C0089DEA1 /* Chime.mp3 in Resources */ = {isa = PBXBuildFile; fileRef = A2DF2C7228199C3C0089DEA1 /* Chime.mp3 */; };
		A2DF2C7628199C400089DEA1 /* Chord.mp3 in Resources */ = {isa = PBXBuildFile; fileRef = A2DF2C7528199C400089DEA1 /* Chord.mp3 */; };
		A2DF2CA128199CE20089DEA1 /* San Francisco (Heavy Italic).otf in Resources */ = {isa = PBXBuildFile; fileRef = A2DF2C9528199CE20089DEA1 /* San Francisco (Heavy Italic).otf */; };
		A2DF2CA228199CE20089DEA1 /* San Francisco (Bold Italic).otf in Resources */ = {isa = PBXBuildFile; fileRef = A2DF2C9628199CE20089DEA1 /* San Francisco (Bold Italic).otf */; };
		A2DF2CA328199CE20089DEA1 /* San Francisco (Heavy).otf in Resources */ = {isa = PBXBuildFile; fileRef = A2DF2C9728199CE20089DEA1 /* San Francisco (Heavy).otf */; };
		A2DF2CA428199CE20089DEA1 /* San Francisco (Medium Italic).otf in Resources */ = {isa = PBXBuildFile; fileRef = A2DF2C9828199CE20089DEA1 /* San Francisco (Medium Italic).otf */; };
		A2DF2CA528199CE20089DEA1 /* San Francisco (Regular).otf in Resources */ = {isa = PBXBuildFile; fileRef = A2DF2C9928199CE20089DEA1 /* San Francisco (Regular).otf */; };
		A2DF2CA628199CE20089DEA1 /* San Francisco (Semibold Italic).otf in Resources */ = {isa = PBXBuildFile; fileRef = A2DF2C9A28199CE20089DEA1 /* San Francisco (Semibold Italic).otf */; };
		A2DF2CA728199CE20089DEA1 /* San Francisco (Medium).otf in Resources */ = {isa = PBXBuildFile; fileRef = A2DF2C9B28199CE20089DEA1 /* San Francisco (Medium).otf */; };
		A2DF2CA828199CE20089DEA1 /* San Francisco (Semibold).otf in Resources */ = {isa = PBXBuildFile; fileRef = A2DF2C9C28199CE20089DEA1 /* San Francisco (Semibold).otf */; };
		A2DF2CA928199CE20089DEA1 /* San Francisco (Regular Italic).otf in Resources */ = {isa = PBXBuildFile; fileRef = A2DF2C9D28199CE20089DEA1 /* San Francisco (Regular Italic).otf */; };
		A2DF2CAA28199CE20089DEA1 /* San Francisco (Light).otf in Resources */ = {isa = PBXBuildFile; fileRef = A2DF2C9E28199CE20089DEA1 /* San Francisco (Light).otf */; };
		A2DF2CAB28199CE20089DEA1 /* San Francisco (Bold).otf in Resources */ = {isa = PBXBuildFile; fileRef = A2DF2C9F28199CE20089DEA1 /* San Francisco (Bold).otf */; };
		A2DF2CAC28199CE20089DEA1 /* San Francisco (Light Italic).otf in Resources */ = {isa = PBXBuildFile; fileRef = A2DF2CA028199CE20089DEA1 /* San Francisco (Light Italic).otf */; };
		B90701CE2C17BE7600F80A02 /* RootNavigationService.swift in Sources */ = {isa = PBXBuildFile; fileRef = B90701CD2C17BE7600F80A02 /* RootNavigationService.swift */; };
		B90701D72C17D34300F80A02 /* SplashPageView.swift in Sources */ = {isa = PBXBuildFile; fileRef = B90701D62C17D34300F80A02 /* SplashPageView.swift */; };
		B90701D92C17D34B00F80A02 /* SplashPageReducer.swift in Sources */ = {isa = PBXBuildFile; fileRef = B90701D82C17D34B00F80A02 /* SplashPageReducer.swift */; };
		B90701DB2C17D3C000F80A02 /* EmptyPageView.swift in Sources */ = {isa = PBXBuildFile; fileRef = B90701DA2C17D3C000F80A02 /* EmptyPageView.swift */; };
		B90701E22C17D41F00F80A02 /* DetailPageView.swift in Sources */ = {isa = PBXBuildFile; fileRef = B90701E12C17D41F00F80A02 /* DetailPageView.swift */; };
		B90701E42C17D42700F80A02 /* DetailPageReducer.swift in Sources */ = {isa = PBXBuildFile; fileRef = B90701E32C17D42700F80A02 /* DetailPageReducer.swift */; };
		B90701E62C17E55000F80A02 /* RootNavigator.swift in Sources */ = {isa = PBXBuildFile; fileRef = B90701E52C17E55000F80A02 /* RootNavigator.swift */; };
		B9124EDB2AAFB27A00590B7B /* Localizable.strings in Resources */ = {isa = PBXBuildFile; fileRef = B9124EDD2AAFB27A00590B7B /* Localizable.strings */; };
		B91688DA28FE0E4C004C80A2 /* ExceptionCatalog.swift in Sources */ = {isa = PBXBuildFile; fileRef = B91688D928FE0E4C004C80A2 /* ExceptionCatalog.swift */; };
		B91C902D2D82132500959AEB /* AppSubsystem in Frameworks */ = {isa = PBXBuildFile; productRef = B91C902C2D82132500959AEB /* AppSubsystem */; };
		B91C902F2D82159400959AEB /* NavigationCoordinatorDependency.swift in Sources */ = {isa = PBXBuildFile; fileRef = B91C902E2D82159400959AEB /* NavigationCoordinatorDependency.swift */; };
		B91C90372D82229600959AEB /* AppSubsystem in Frameworks */ = {isa = PBXBuildFile; productRef = B91C90362D82229600959AEB /* AppSubsystem */; };
		B91C90402D822E0600959AEB /* AppSubsystem in Frameworks */ = {isa = PBXBuildFile; productRef = B91C903F2D822E0600959AEB /* AppSubsystem */; };
		B91C90432D824FC900959AEB /* AppSubsystem in Frameworks */ = {isa = PBXBuildFile; productRef = B91C90422D824FC900959AEB /* AppSubsystem */; };
		B921F4132CCF3305006BB149 /* AppSubsystem in Frameworks */ = {isa = PBXBuildFile; productRef = B921F4122CCF3305006BB149 /* AppSubsystem */; };
		B92409852AB2DFC0004CF4C0 /* LoggerDomains.swift in Sources */ = {isa = PBXBuildFile; fileRef = B92409842AB2DFC0004CF4C0 /* LoggerDomains.swift */; };
		B934570B2AABFC7100944602 /* LocalizedStringKeys.swift in Sources */ = {isa = PBXBuildFile; fileRef = B934570A2AABFC7100944602 /* LocalizedStringKeys.swift */; };
		B93BCDE52AAD9A1A00AA16FE /* SamplePageViewStrings.swift in Sources */ = {isa = PBXBuildFile; fileRef = B93BCDE42AAD9A1A00AA16FE /* SamplePageViewStrings.swift */; };
		B978B19D2B87CE3200AA007A /* RootSheet.swift in Sources */ = {isa = PBXBuildFile; fileRef = B978B19C2B87CE3200AA007A /* RootSheet.swift */; };
		B99B1DBA29E4C2AF00117D42 /* CustomColors.swift in Sources */ = {isa = PBXBuildFile; fileRef = B99B1DB929E4C2AF00117D42 /* CustomColors.swift */; };
		B99B1DC029E4C45000117D42 /* AppThemes.swift in Sources */ = {isa = PBXBuildFile; fileRef = B99B1DBF29E4C45000117D42 /* AppThemes.swift */; };
		B99F13F42A280A0500B9FCE2 /* UserDefaultsKeys.swift in Sources */ = {isa = PBXBuildFile; fileRef = B99F13F32A280A0500B9FCE2 /* UserDefaultsKeys.swift */; };
		B9BB3CF32AC0C6B50077D1BC /* TranslatedLabelStringCollection.swift in Sources */ = {isa = PBXBuildFile; fileRef = B9BB3CF22AC0C6B50077D1BC /* TranslatedLabelStringCollection.swift */; };
		B9C5830829BECE59009DCE29 /* DevModeActions.swift in Sources */ = {isa = PBXBuildFile; fileRef = B9C5830729BECE59009DCE29 /* DevModeActions.swift */; };
		B9C5E9132AB161B6004D79DA /* EmptyPageReducer.swift in Sources */ = {isa = PBXBuildFile; fileRef = B9C5E9122AB161B6004D79DA /* EmptyPageReducer.swift */; };
		B9CCEBC02C8E6DD800CB9C01 /* StoredItemKeys.swift in Sources */ = {isa = PBXBuildFile; fileRef = B9CCEBBF2C8E6DD800CB9C01 /* StoredItemKeys.swift */; };
		B9CCEBCD2C8ED50700CB9C01 /* RootView.swift in Sources */ = {isa = PBXBuildFile; fileRef = B9CCEBC82C8ED50700CB9C01 /* RootView.swift */; };
		B9CCEBD12C8F83A200CB9C01 /* Application.swift in Sources */ = {isa = PBXBuildFile; fileRef = B9CCEBD02C8F83A200CB9C01 /* Application.swift */; };
		B9E2E60F2C72E554004022FE /* CacheDomains.swift in Sources */ = {isa = PBXBuildFile; fileRef = B9E2E60E2C72E554004022FE /* CacheDomains.swift */; };
		B9E7D4202AAC1ED700FAF2A9 /* SampleContentPageView.swift in Sources */ = {isa = PBXBuildFile; fileRef = B9E7D41D2AAC1ED700FAF2A9 /* SampleContentPageView.swift */; };
		B9E7D4212AAC1ED700FAF2A9 /* SamplePageView.swift in Sources */ = {isa = PBXBuildFile; fileRef = B9E7D41E2AAC1ED700FAF2A9 /* SamplePageView.swift */; };
		B9E7D4222AAC1ED700FAF2A9 /* SamplePageReducer.swift in Sources */ = {isa = PBXBuildFile; fileRef = B9E7D41F2AAC1ED700FAF2A9 /* SamplePageReducer.swift */; };
		B9E7D43F2AAC223700FAF2A9 /* Observables.swift in Sources */ = {isa = PBXBuildFile; fileRef = B9E7D43E2AAC223700FAF2A9 /* Observables.swift */; };
		B9F361542C18B58000586D1D /* SampleContentNavigator.swift in Sources */ = {isa = PBXBuildFile; fileRef = B9F361532C18B58000586D1D /* SampleContentNavigator.swift */; };
		B9F3615B2C18DD6000586D1D /* AppConstants+SplashPageView.swift in Sources */ = {isa = PBXBuildFile; fileRef = B9F3615A2C18DD6000586D1D /* AppConstants+SplashPageView.swift */; };
		B9F3615D2C18DD7200586D1D /* AppConstants+DetailPageView.swift in Sources */ = {isa = PBXBuildFile; fileRef = B9F3615C2C18DD7200586D1D /* AppConstants+DetailPageView.swift */; };
		B9F3615F2C18DD7A00586D1D /* AppConstants+SamplePageView.swift in Sources */ = {isa = PBXBuildFile; fileRef = B9F3615E2C18DD7A00586D1D /* AppConstants+SamplePageView.swift */; };
		B9F361612C18E12600586D1D /* SampleContentContainerView.swift in Sources */ = {isa = PBXBuildFile; fileRef = B9F361602C18E12600586D1D /* SampleContentContainerView.swift */; };
/* End PBXBuildFile section */

/* Begin PBXFileReference section */
		3A9B1E9D904D7BFD358EAC0D /* Pods-Template.debug.xcconfig */ = {isa = PBXFileReference; includeInIndex = 1; lastKnownFileType = text.xcconfig; name = "Pods-Template.debug.xcconfig"; path = "Target Support Files/Pods-Template/Pods-Template.debug.xcconfig"; sourceTree = "<group>"; };
		A206F7D928AC4FD7008FFE18 /* LocalizedStrings.plist */ = {isa = PBXFileReference; fileEncoding = 4; lastKnownFileType = text.plist.xml; path = LocalizedStrings.plist; sourceTree = "<group>"; };
		A2DF2C5128199B660089DEA1 /* Template.app */ = {isa = PBXFileReference; explicitFileType = wrapper.application; includeInIndex = 0; path = Template.app; sourceTree = BUILT_PRODUCTS_DIR; };
		A2DF2C5428199B660089DEA1 /* AppDelegate.swift */ = {isa = PBXFileReference; lastKnownFileType = sourcecode.swift; path = AppDelegate.swift; sourceTree = "<group>"; };
		A2DF2C5628199B660089DEA1 /* SceneDelegate.swift */ = {isa = PBXFileReference; lastKnownFileType = sourcecode.swift; path = SceneDelegate.swift; sourceTree = "<group>"; };
		A2DF2C5A28199B670089DEA1 /* Assets.xcassets */ = {isa = PBXFileReference; lastKnownFileType = folder.assetcatalog; path = Assets.xcassets; sourceTree = "<group>"; };
		A2DF2C7228199C3C0089DEA1 /* Chime.mp3 */ = {isa = PBXFileReference; lastKnownFileType = audio.mp3; path = Chime.mp3; sourceTree = "<group>"; };
		A2DF2C7528199C400089DEA1 /* Chord.mp3 */ = {isa = PBXFileReference; lastKnownFileType = audio.mp3; path = Chord.mp3; sourceTree = "<group>"; };
		A2DF2C9528199CE20089DEA1 /* San Francisco (Heavy Italic).otf */ = {isa = PBXFileReference; lastKnownFileType = file; path = "San Francisco (Heavy Italic).otf"; sourceTree = "<group>"; };
		A2DF2C9628199CE20089DEA1 /* San Francisco (Bold Italic).otf */ = {isa = PBXFileReference; lastKnownFileType = file; path = "San Francisco (Bold Italic).otf"; sourceTree = "<group>"; };
		A2DF2C9728199CE20089DEA1 /* San Francisco (Heavy).otf */ = {isa = PBXFileReference; lastKnownFileType = file; path = "San Francisco (Heavy).otf"; sourceTree = "<group>"; };
		A2DF2C9828199CE20089DEA1 /* San Francisco (Medium Italic).otf */ = {isa = PBXFileReference; lastKnownFileType = file; path = "San Francisco (Medium Italic).otf"; sourceTree = "<group>"; };
		A2DF2C9928199CE20089DEA1 /* San Francisco (Regular).otf */ = {isa = PBXFileReference; lastKnownFileType = file; path = "San Francisco (Regular).otf"; sourceTree = "<group>"; };
		A2DF2C9A28199CE20089DEA1 /* San Francisco (Semibold Italic).otf */ = {isa = PBXFileReference; lastKnownFileType = file; path = "San Francisco (Semibold Italic).otf"; sourceTree = "<group>"; };
		A2DF2C9B28199CE20089DEA1 /* San Francisco (Medium).otf */ = {isa = PBXFileReference; lastKnownFileType = file; path = "San Francisco (Medium).otf"; sourceTree = "<group>"; };
		A2DF2C9C28199CE20089DEA1 /* San Francisco (Semibold).otf */ = {isa = PBXFileReference; lastKnownFileType = file; path = "San Francisco (Semibold).otf"; sourceTree = "<group>"; };
		A2DF2C9D28199CE20089DEA1 /* San Francisco (Regular Italic).otf */ = {isa = PBXFileReference; lastKnownFileType = file; path = "San Francisco (Regular Italic).otf"; sourceTree = "<group>"; };
		A2DF2C9E28199CE20089DEA1 /* San Francisco (Light).otf */ = {isa = PBXFileReference; lastKnownFileType = file; path = "San Francisco (Light).otf"; sourceTree = "<group>"; };
		A2DF2C9F28199CE20089DEA1 /* San Francisco (Bold).otf */ = {isa = PBXFileReference; lastKnownFileType = file; path = "San Francisco (Bold).otf"; sourceTree = "<group>"; };
		A2DF2CA028199CE20089DEA1 /* San Francisco (Light Italic).otf */ = {isa = PBXFileReference; lastKnownFileType = file; path = "San Francisco (Light Italic).otf"; sourceTree = "<group>"; };
		AEDFA0F1CD9A595EE8AF0DC6 /* Pods_Template.framework */ = {isa = PBXFileReference; explicitFileType = wrapper.framework; includeInIndex = 0; path = Pods_Template.framework; sourceTree = BUILT_PRODUCTS_DIR; };
		B90701CD2C17BE7600F80A02 /* RootNavigationService.swift */ = {isa = PBXFileReference; lastKnownFileType = sourcecode.swift; path = RootNavigationService.swift; sourceTree = "<group>"; };
		B90701D62C17D34300F80A02 /* SplashPageView.swift */ = {isa = PBXFileReference; lastKnownFileType = sourcecode.swift; path = SplashPageView.swift; sourceTree = "<group>"; };
		B90701D82C17D34B00F80A02 /* SplashPageReducer.swift */ = {isa = PBXFileReference; lastKnownFileType = sourcecode.swift; path = SplashPageReducer.swift; sourceTree = "<group>"; };
		B90701DA2C17D3C000F80A02 /* EmptyPageView.swift */ = {isa = PBXFileReference; lastKnownFileType = sourcecode.swift; path = EmptyPageView.swift; sourceTree = "<group>"; };
		B90701E12C17D41F00F80A02 /* DetailPageView.swift */ = {isa = PBXFileReference; lastKnownFileType = sourcecode.swift; path = DetailPageView.swift; sourceTree = "<group>"; };
		B90701E32C17D42700F80A02 /* DetailPageReducer.swift */ = {isa = PBXFileReference; lastKnownFileType = sourcecode.swift; path = DetailPageReducer.swift; sourceTree = "<group>"; };
		B90701E52C17E55000F80A02 /* RootNavigator.swift */ = {isa = PBXFileReference; lastKnownFileType = sourcecode.swift; path = RootNavigator.swift; sourceTree = "<group>"; };
		B9124EDC2AAFB27A00590B7B /* en */ = {isa = PBXFileReference; lastKnownFileType = text.plist.strings; name = en; path = en.lproj/Localizable.strings; sourceTree = "<group>"; };
		B9124EDE2AAFB28100590B7B /* af */ = {isa = PBXFileReference; lastKnownFileType = text.plist.strings; name = af; path = af.lproj/Localizable.strings; sourceTree = "<group>"; };
		B9124EDF2AAFB2B900590B7B /* sq */ = {isa = PBXFileReference; lastKnownFileType = text.plist.strings; name = sq; path = sq.lproj/Localizable.strings; sourceTree = "<group>"; };
		B9124EE02AAFB2BA00590B7B /* ar */ = {isa = PBXFileReference; lastKnownFileType = text.plist.strings; name = ar; path = ar.lproj/Localizable.strings; sourceTree = "<group>"; };
		B9124EE12AAFB2BA00590B7B /* hy */ = {isa = PBXFileReference; lastKnownFileType = text.plist.strings; name = hy; path = hy.lproj/Localizable.strings; sourceTree = "<group>"; };
		B9124EE22AAFB2BB00590B7B /* az */ = {isa = PBXFileReference; lastKnownFileType = text.plist.strings; name = az; path = az.lproj/Localizable.strings; sourceTree = "<group>"; };
		B9124EE32AAFB2BC00590B7B /* bn */ = {isa = PBXFileReference; lastKnownFileType = text.plist.strings; name = bn; path = bn.lproj/Localizable.strings; sourceTree = "<group>"; };
		B9124EE42AAFB2BC00590B7B /* eu */ = {isa = PBXFileReference; lastKnownFileType = text.plist.strings; name = eu; path = eu.lproj/Localizable.strings; sourceTree = "<group>"; };
		B9124EE52AAFB2BD00590B7B /* be */ = {isa = PBXFileReference; lastKnownFileType = text.plist.strings; name = be; path = be.lproj/Localizable.strings; sourceTree = "<group>"; };
		B9124EE62AAFB2BD00590B7B /* bs */ = {isa = PBXFileReference; lastKnownFileType = text.plist.strings; name = bs; path = bs.lproj/Localizable.strings; sourceTree = "<group>"; };
		B9124EE72AAFB2BD00590B7B /* bg */ = {isa = PBXFileReference; lastKnownFileType = text.plist.strings; name = bg; path = bg.lproj/Localizable.strings; sourceTree = "<group>"; };
		B9124EE82AAFB2BE00590B7B /* ca */ = {isa = PBXFileReference; lastKnownFileType = text.plist.strings; name = ca; path = ca.lproj/Localizable.strings; sourceTree = "<group>"; };
		B9124EE92AAFB2BE00590B7B /* zh-HK */ = {isa = PBXFileReference; lastKnownFileType = text.plist.strings; name = "zh-HK"; path = "zh-HK.lproj/Localizable.strings"; sourceTree = "<group>"; };
		B9124EEA2AAFB2BF00590B7B /* zh-Hans */ = {isa = PBXFileReference; lastKnownFileType = text.plist.strings; name = "zh-Hans"; path = "zh-Hans.lproj/Localizable.strings"; sourceTree = "<group>"; };
		B9124EEB2AAFB2C000590B7B /* zh-Hant */ = {isa = PBXFileReference; lastKnownFileType = text.plist.strings; name = "zh-Hant"; path = "zh-Hant.lproj/Localizable.strings"; sourceTree = "<group>"; };
		B9124EEC2AAFB2C300590B7B /* hr */ = {isa = PBXFileReference; lastKnownFileType = text.plist.strings; name = hr; path = hr.lproj/Localizable.strings; sourceTree = "<group>"; };
		B9124EED2AAFB2C400590B7B /* cs */ = {isa = PBXFileReference; lastKnownFileType = text.plist.strings; name = cs; path = cs.lproj/Localizable.strings; sourceTree = "<group>"; };
		B9124EEE2AAFB2C700590B7B /* da */ = {isa = PBXFileReference; lastKnownFileType = text.plist.strings; name = da; path = da.lproj/Localizable.strings; sourceTree = "<group>"; };
		B9124EEF2AAFB2C800590B7B /* nl */ = {isa = PBXFileReference; lastKnownFileType = text.plist.strings; name = nl; path = nl.lproj/Localizable.strings; sourceTree = "<group>"; };
		B9124EF02AAFB2C900590B7B /* eo */ = {isa = PBXFileReference; lastKnownFileType = text.plist.strings; name = eo; path = eo.lproj/Localizable.strings; sourceTree = "<group>"; };
		B9124EF12AAFB2CA00590B7B /* et */ = {isa = PBXFileReference; lastKnownFileType = text.plist.strings; name = et; path = et.lproj/Localizable.strings; sourceTree = "<group>"; };
		B9124EF22AAFB2CA00590B7B /* fi */ = {isa = PBXFileReference; lastKnownFileType = text.plist.strings; name = fi; path = fi.lproj/Localizable.strings; sourceTree = "<group>"; };
		B9124EF32AAFB2CB00590B7B /* fr */ = {isa = PBXFileReference; lastKnownFileType = text.plist.strings; name = fr; path = fr.lproj/Localizable.strings; sourceTree = "<group>"; };
		B9124EF42AAFB2CC00590B7B /* gl */ = {isa = PBXFileReference; lastKnownFileType = text.plist.strings; name = gl; path = gl.lproj/Localizable.strings; sourceTree = "<group>"; };
		B9124EF52AAFB2CD00590B7B /* ka */ = {isa = PBXFileReference; lastKnownFileType = text.plist.strings; name = ka; path = ka.lproj/Localizable.strings; sourceTree = "<group>"; };
		B9124EF62AAFB2CE00590B7B /* de */ = {isa = PBXFileReference; lastKnownFileType = text.plist.strings; name = de; path = de.lproj/Localizable.strings; sourceTree = "<group>"; };
		B9124EF72AAFB2CF00590B7B /* el */ = {isa = PBXFileReference; lastKnownFileType = text.plist.strings; name = el; path = el.lproj/Localizable.strings; sourceTree = "<group>"; };
		B9124EF82AAFB2D000590B7B /* gu */ = {isa = PBXFileReference; lastKnownFileType = text.plist.strings; name = gu; path = gu.lproj/Localizable.strings; sourceTree = "<group>"; };
		B9124EF92AAFB2D000590B7B /* ht */ = {isa = PBXFileReference; lastKnownFileType = text.plist.strings; name = ht; path = ht.lproj/Localizable.strings; sourceTree = "<group>"; };
		B9124EFA2AAFB2D100590B7B /* he */ = {isa = PBXFileReference; lastKnownFileType = text.plist.strings; name = he; path = he.lproj/Localizable.strings; sourceTree = "<group>"; };
		B9124EFB2AAFB2D200590B7B /* hi */ = {isa = PBXFileReference; lastKnownFileType = text.plist.strings; name = hi; path = hi.lproj/Localizable.strings; sourceTree = "<group>"; };
		B9124EFC2AAFB2D300590B7B /* hu */ = {isa = PBXFileReference; lastKnownFileType = text.plist.strings; name = hu; path = hu.lproj/Localizable.strings; sourceTree = "<group>"; };
		B9124EFD2AAFB2D400590B7B /* is */ = {isa = PBXFileReference; lastKnownFileType = text.plist.strings; name = is; path = is.lproj/Localizable.strings; sourceTree = "<group>"; };
		B9124EFE2AAFB2D500590B7B /* id */ = {isa = PBXFileReference; lastKnownFileType = text.plist.strings; name = id; path = id.lproj/Localizable.strings; sourceTree = "<group>"; };
		B9124EFF2AAFB2D600590B7B /* ga */ = {isa = PBXFileReference; lastKnownFileType = text.plist.strings; name = ga; path = ga.lproj/Localizable.strings; sourceTree = "<group>"; };
		B9124F002AAFB2D700590B7B /* it */ = {isa = PBXFileReference; lastKnownFileType = text.plist.strings; name = it; path = it.lproj/Localizable.strings; sourceTree = "<group>"; };
		B9124F012AAFB2D800590B7B /* ja */ = {isa = PBXFileReference; lastKnownFileType = text.plist.strings; name = ja; path = ja.lproj/Localizable.strings; sourceTree = "<group>"; };
		B9124F022AAFB2D900590B7B /* kn */ = {isa = PBXFileReference; lastKnownFileType = text.plist.strings; name = kn; path = kn.lproj/Localizable.strings; sourceTree = "<group>"; };
		B9124F032AAFB2DA00590B7B /* kk */ = {isa = PBXFileReference; lastKnownFileType = text.plist.strings; name = kk; path = kk.lproj/Localizable.strings; sourceTree = "<group>"; };
		B9124F042AAFB2DB00590B7B /* ko */ = {isa = PBXFileReference; lastKnownFileType = text.plist.strings; name = ko; path = ko.lproj/Localizable.strings; sourceTree = "<group>"; };
		B9124F052AAFB2DB00590B7B /* ky */ = {isa = PBXFileReference; lastKnownFileType = text.plist.strings; name = ky; path = ky.lproj/Localizable.strings; sourceTree = "<group>"; };
		B9124F062AAFB2DC00590B7B /* lt */ = {isa = PBXFileReference; lastKnownFileType = text.plist.strings; name = lt; path = lt.lproj/Localizable.strings; sourceTree = "<group>"; };
		B9124F072AAFB2DD00590B7B /* ml */ = {isa = PBXFileReference; lastKnownFileType = text.plist.strings; name = ml; path = ml.lproj/Localizable.strings; sourceTree = "<group>"; };
		B9124F082AAFB2DE00590B7B /* mk */ = {isa = PBXFileReference; lastKnownFileType = text.plist.strings; name = mk; path = mk.lproj/Localizable.strings; sourceTree = "<group>"; };
		B9124F092AAFB2DE00590B7B /* mg */ = {isa = PBXFileReference; lastKnownFileType = text.plist.strings; name = mg; path = mg.lproj/Localizable.strings; sourceTree = "<group>"; };
		B9124F0A2AAFB2E000590B7B /* mt */ = {isa = PBXFileReference; lastKnownFileType = text.plist.strings; name = mt; path = mt.lproj/Localizable.strings; sourceTree = "<group>"; };
		B9124F0B2AAFB2E100590B7B /* mi */ = {isa = PBXFileReference; lastKnownFileType = text.plist.strings; name = mi; path = mi.lproj/Localizable.strings; sourceTree = "<group>"; };
		B9124F0C2AAFB2E100590B7B /* mn */ = {isa = PBXFileReference; lastKnownFileType = text.plist.strings; name = mn; path = mn.lproj/Localizable.strings; sourceTree = "<group>"; };
		B9124F0D2AAFB2E200590B7B /* fa */ = {isa = PBXFileReference; lastKnownFileType = text.plist.strings; name = fa; path = fa.lproj/Localizable.strings; sourceTree = "<group>"; };
		B9124F0E2AAFB2E200590B7B /* pl */ = {isa = PBXFileReference; lastKnownFileType = text.plist.strings; name = pl; path = pl.lproj/Localizable.strings; sourceTree = "<group>"; };
		B9124F0F2AAFB2E300590B7B /* pt-BR */ = {isa = PBXFileReference; lastKnownFileType = text.plist.strings; name = "pt-BR"; path = "pt-BR.lproj/Localizable.strings"; sourceTree = "<group>"; };
		B9124F102AAFB2E400590B7B /* pa */ = {isa = PBXFileReference; lastKnownFileType = text.plist.strings; name = pa; path = pa.lproj/Localizable.strings; sourceTree = "<group>"; };
		B9124F112AAFB2E600590B7B /* ro */ = {isa = PBXFileReference; lastKnownFileType = text.plist.strings; name = ro; path = ro.lproj/Localizable.strings; sourceTree = "<group>"; };
		B9124F122AAFB2E700590B7B /* ru */ = {isa = PBXFileReference; lastKnownFileType = text.plist.strings; name = ru; path = ru.lproj/Localizable.strings; sourceTree = "<group>"; };
		B9124F132AAFB2E700590B7B /* gd */ = {isa = PBXFileReference; lastKnownFileType = text.plist.strings; name = gd; path = gd.lproj/Localizable.strings; sourceTree = "<group>"; };
		B9124F142AAFB2E800590B7B /* sr */ = {isa = PBXFileReference; lastKnownFileType = text.plist.strings; name = sr; path = sr.lproj/Localizable.strings; sourceTree = "<group>"; };
		B9124F152AAFB2E800590B7B /* sk */ = {isa = PBXFileReference; lastKnownFileType = text.plist.strings; name = sk; path = sk.lproj/Localizable.strings; sourceTree = "<group>"; };
		B9124F162AAFB2E900590B7B /* si */ = {isa = PBXFileReference; lastKnownFileType = text.plist.strings; name = si; path = si.lproj/Localizable.strings; sourceTree = "<group>"; };
		B9124F172AAFB2EA00590B7B /* sl */ = {isa = PBXFileReference; lastKnownFileType = text.plist.strings; name = sl; path = sl.lproj/Localizable.strings; sourceTree = "<group>"; };
		B9124F182AAFB2EB00590B7B /* es */ = {isa = PBXFileReference; lastKnownFileType = text.plist.strings; name = es; path = es.lproj/Localizable.strings; sourceTree = "<group>"; };
		B9124F192AAFB2EC00590B7B /* su */ = {isa = PBXFileReference; lastKnownFileType = text.plist.strings; name = su; path = su.lproj/Localizable.strings; sourceTree = "<group>"; };
		B9124F1A2AAFB2EC00590B7B /* sw */ = {isa = PBXFileReference; lastKnownFileType = text.plist.strings; name = sw; path = sw.lproj/Localizable.strings; sourceTree = "<group>"; };
		B9124F1B2AAFB2ED00590B7B /* sv */ = {isa = PBXFileReference; lastKnownFileType = text.plist.strings; name = sv; path = sv.lproj/Localizable.strings; sourceTree = "<group>"; };
		B9124F1C2AAFB2EE00590B7B /* tg */ = {isa = PBXFileReference; lastKnownFileType = text.plist.strings; name = tg; path = tg.lproj/Localizable.strings; sourceTree = "<group>"; };
		B9124F1D2AAFB2F000590B7B /* ta */ = {isa = PBXFileReference; lastKnownFileType = text.plist.strings; name = ta; path = ta.lproj/Localizable.strings; sourceTree = "<group>"; };
		B9124F1E2AAFB2F100590B7B /* tt */ = {isa = PBXFileReference; lastKnownFileType = text.plist.strings; name = tt; path = tt.lproj/Localizable.strings; sourceTree = "<group>"; };
		B9124F1F2AAFB2F200590B7B /* te */ = {isa = PBXFileReference; lastKnownFileType = text.plist.strings; name = te; path = te.lproj/Localizable.strings; sourceTree = "<group>"; };
		B9124F202AAFB2F300590B7B /* th */ = {isa = PBXFileReference; lastKnownFileType = text.plist.strings; name = th; path = th.lproj/Localizable.strings; sourceTree = "<group>"; };
		B9124F212AAFB2F400590B7B /* tr */ = {isa = PBXFileReference; lastKnownFileType = text.plist.strings; name = tr; path = tr.lproj/Localizable.strings; sourceTree = "<group>"; };
		B9124F222AAFB2F500590B7B /* uk */ = {isa = PBXFileReference; lastKnownFileType = text.plist.strings; name = uk; path = uk.lproj/Localizable.strings; sourceTree = "<group>"; };
		B9124F232AAFB2F500590B7B /* ur */ = {isa = PBXFileReference; lastKnownFileType = text.plist.strings; name = ur; path = ur.lproj/Localizable.strings; sourceTree = "<group>"; };
		B9124F242AAFB2F600590B7B /* uz */ = {isa = PBXFileReference; lastKnownFileType = text.plist.strings; name = uz; path = uz.lproj/Localizable.strings; sourceTree = "<group>"; };
		B9124F252AAFB2F700590B7B /* vi */ = {isa = PBXFileReference; lastKnownFileType = text.plist.strings; name = vi; path = vi.lproj/Localizable.strings; sourceTree = "<group>"; };
		B9124F262AAFB2F800590B7B /* cy */ = {isa = PBXFileReference; lastKnownFileType = text.plist.strings; name = cy; path = cy.lproj/Localizable.strings; sourceTree = "<group>"; };
		B9124F272AAFB2F900590B7B /* yi */ = {isa = PBXFileReference; lastKnownFileType = text.plist.strings; name = yi; path = yi.lproj/Localizable.strings; sourceTree = "<group>"; };
		B91688D928FE0E4C004C80A2 /* ExceptionCatalog.swift */ = {isa = PBXFileReference; lastKnownFileType = sourcecode.swift; path = ExceptionCatalog.swift; sourceTree = "<group>"; };
		B91C902E2D82159400959AEB /* NavigationCoordinatorDependency.swift */ = {isa = PBXFileReference; lastKnownFileType = sourcecode.swift; path = NavigationCoordinatorDependency.swift; sourceTree = "<group>"; };
		B92409842AB2DFC0004CF4C0 /* LoggerDomains.swift */ = {isa = PBXFileReference; lastKnownFileType = sourcecode.swift; path = LoggerDomains.swift; sourceTree = "<group>"; };
		B934570A2AABFC7100944602 /* LocalizedStringKeys.swift */ = {isa = PBXFileReference; lastKnownFileType = sourcecode.swift; path = LocalizedStringKeys.swift; sourceTree = "<group>"; };
		B93BCDE42AAD9A1A00AA16FE /* SamplePageViewStrings.swift */ = {isa = PBXFileReference; lastKnownFileType = sourcecode.swift; path = SamplePageViewStrings.swift; sourceTree = "<group>"; };
		B978B19C2B87CE3200AA007A /* RootSheet.swift */ = {isa = PBXFileReference; lastKnownFileType = sourcecode.swift; path = RootSheet.swift; sourceTree = "<group>"; };
		B99B1DB929E4C2AF00117D42 /* CustomColors.swift */ = {isa = PBXFileReference; fileEncoding = 4; lastKnownFileType = sourcecode.swift; path = CustomColors.swift; sourceTree = "<group>"; };
		B99B1DBF29E4C45000117D42 /* AppThemes.swift */ = {isa = PBXFileReference; lastKnownFileType = sourcecode.swift; path = AppThemes.swift; sourceTree = "<group>"; };
		B99F13F32A280A0500B9FCE2 /* UserDefaultsKeys.swift */ = {isa = PBXFileReference; lastKnownFileType = sourcecode.swift; path = UserDefaultsKeys.swift; sourceTree = "<group>"; };
		B9BB3CF22AC0C6B50077D1BC /* TranslatedLabelStringCollection.swift */ = {isa = PBXFileReference; lastKnownFileType = sourcecode.swift; path = TranslatedLabelStringCollection.swift; sourceTree = "<group>"; };
		B9C5830729BECE59009DCE29 /* DevModeActions.swift */ = {isa = PBXFileReference; fileEncoding = 4; lastKnownFileType = sourcecode.swift; path = DevModeActions.swift; sourceTree = "<group>"; };
		B9C5E9122AB161B6004D79DA /* EmptyPageReducer.swift */ = {isa = PBXFileReference; lastKnownFileType = sourcecode.swift; path = EmptyPageReducer.swift; sourceTree = "<group>"; };
		B9CCEBBF2C8E6DD800CB9C01 /* StoredItemKeys.swift */ = {isa = PBXFileReference; fileEncoding = 4; lastKnownFileType = sourcecode.swift; path = StoredItemKeys.swift; sourceTree = "<group>"; };
		B9CCEBC82C8ED50700CB9C01 /* RootView.swift */ = {isa = PBXFileReference; fileEncoding = 4; lastKnownFileType = sourcecode.swift; path = RootView.swift; sourceTree = "<group>"; };
		B9CCEBD02C8F83A200CB9C01 /* Application.swift */ = {isa = PBXFileReference; lastKnownFileType = sourcecode.swift; path = Application.swift; sourceTree = "<group>"; };
		B9D2410E2B85487000E26CC6 /* Info.plist */ = {isa = PBXFileReference; fileEncoding = 4; lastKnownFileType = text.plist.xml; path = Info.plist; sourceTree = "<group>"; };
		B9E2E60E2C72E554004022FE /* CacheDomains.swift */ = {isa = PBXFileReference; lastKnownFileType = sourcecode.swift; path = CacheDomains.swift; sourceTree = "<group>"; };
		B9E7D41D2AAC1ED700FAF2A9 /* SampleContentPageView.swift */ = {isa = PBXFileReference; fileEncoding = 4; lastKnownFileType = sourcecode.swift; path = SampleContentPageView.swift; sourceTree = "<group>"; };
		B9E7D41E2AAC1ED700FAF2A9 /* SamplePageView.swift */ = {isa = PBXFileReference; fileEncoding = 4; lastKnownFileType = sourcecode.swift; path = SamplePageView.swift; sourceTree = "<group>"; };
		B9E7D41F2AAC1ED700FAF2A9 /* SamplePageReducer.swift */ = {isa = PBXFileReference; fileEncoding = 4; lastKnownFileType = sourcecode.swift; path = SamplePageReducer.swift; sourceTree = "<group>"; };
		B9E7D43E2AAC223700FAF2A9 /* Observables.swift */ = {isa = PBXFileReference; lastKnownFileType = sourcecode.swift; path = Observables.swift; sourceTree = "<group>"; };
		B9F361532C18B58000586D1D /* SampleContentNavigator.swift */ = {isa = PBXFileReference; lastKnownFileType = sourcecode.swift; path = SampleContentNavigator.swift; sourceTree = "<group>"; };
		B9F3615A2C18DD6000586D1D /* AppConstants+SplashPageView.swift */ = {isa = PBXFileReference; lastKnownFileType = sourcecode.swift; path = "AppConstants+SplashPageView.swift"; sourceTree = "<group>"; };
		B9F3615C2C18DD7200586D1D /* AppConstants+DetailPageView.swift */ = {isa = PBXFileReference; lastKnownFileType = sourcecode.swift; path = "AppConstants+DetailPageView.swift"; sourceTree = "<group>"; };
		B9F3615E2C18DD7A00586D1D /* AppConstants+SamplePageView.swift */ = {isa = PBXFileReference; lastKnownFileType = sourcecode.swift; path = "AppConstants+SamplePageView.swift"; sourceTree = "<group>"; };
		B9F361602C18E12600586D1D /* SampleContentContainerView.swift */ = {isa = PBXFileReference; lastKnownFileType = sourcecode.swift; path = SampleContentContainerView.swift; sourceTree = "<group>"; };
		CF52460DFCE5E62E30711A79 /* Pods-Template.release.xcconfig */ = {isa = PBXFileReference; includeInIndex = 1; lastKnownFileType = text.xcconfig; name = "Pods-Template.release.xcconfig"; path = "Target Support Files/Pods-Template/Pods-Template.release.xcconfig"; sourceTree = "<group>"; };
/* End PBXFileReference section */

/* Begin PBXFrameworksBuildPhase section */
		A2DF2C4E28199B660089DEA1 /* Frameworks */ = {
			isa = PBXFrameworksBuildPhase;
			buildActionMask = 2147483647;
			files = (
				B91C90372D82229600959AEB /* AppSubsystem in Frameworks */,
				B921F4132CCF3305006BB149 /* AppSubsystem in Frameworks */,
				B91C902D2D82132500959AEB /* AppSubsystem in Frameworks */,
				B91C90402D822E0600959AEB /* AppSubsystem in Frameworks */,
				B91C90432D824FC900959AEB /* AppSubsystem in Frameworks */,
				8488CCA531537608C7F22939 /* Pods_Template.framework in Frameworks */,
			);
			runOnlyForDeploymentPostprocessing = 0;
		};
/* End PBXFrameworksBuildPhase section */

/* Begin PBXGroup section */
		A286879128A49DA600A34912 /* Frameworks */ = {
			isa = PBXGroup;
			children = (
				AEDFA0F1CD9A595EE8AF0DC6 /* Pods_Template.framework */,
			);
			name = Frameworks;
			sourceTree = "<group>";
		};
		A2DF2C4828199B660089DEA1 = {
			isa = PBXGroup;
			children = (
				A2DF2C5328199B660089DEA1 /* Sources */,
				A2DF2C5228199B660089DEA1 /* Products */,
				A286879128A49DA600A34912 /* Frameworks */,
				B715D9B1ECFB89E634B86164 /* Pods */,
			);
			sourceTree = "<group>";
		};
		A2DF2C5228199B660089DEA1 /* Products */ = {
			isa = PBXGroup;
			children = (
				A2DF2C5128199B660089DEA1 /* Template.app */,
			);
			name = Products;
			sourceTree = "<group>";
		};
		A2DF2C5328199B660089DEA1 /* Sources */ = {
			isa = PBXGroup;
			children = (
				B9CCEBD02C8F83A200CB9C01 /* Application.swift */,
				B9E7D4542AAC400B00FAF2A9 /* Bundle */,
				B91A0E242AFF2F8600E3C1A0 /* Modules */,
				B94657702AABC6200091193B /* Navigation */,
				A2DF2C6F28199BF40089DEA1 /* Resources */,
			);
			path = Sources;
			sourceTree = "<group>";
		};
		A2DF2C6F28199BF40089DEA1 /* Resources */ = {
			isa = PBXGroup;
			children = (
				A2DF2C7128199C260089DEA1 /* Audio */,
				A2DF2CAE28199CE90089DEA1 /* Images */,
				B9D2410D2B85484E00E26CC6 /* Property Lists */,
				B9E7D4522AAC3E0300FAF2A9 /* Other */,
			);
			path = Resources;
			sourceTree = "<group>";
		};
		A2DF2C7128199C260089DEA1 /* Audio */ = {
			isa = PBXGroup;
			children = (
				A2DF2C7228199C3C0089DEA1 /* Chime.mp3 */,
				A2DF2C7528199C400089DEA1 /* Chord.mp3 */,
			);
			path = Audio;
			sourceTree = "<group>";
		};
		A2DF2C8828199CBC0089DEA1 /* San Francisco Font */ = {
			isa = PBXGroup;
			children = (
				A2DF2C9628199CE20089DEA1 /* San Francisco (Bold Italic).otf */,
				A2DF2C9F28199CE20089DEA1 /* San Francisco (Bold).otf */,
				A2DF2C9528199CE20089DEA1 /* San Francisco (Heavy Italic).otf */,
				A2DF2C9728199CE20089DEA1 /* San Francisco (Heavy).otf */,
				A2DF2CA028199CE20089DEA1 /* San Francisco (Light Italic).otf */,
				A2DF2C9E28199CE20089DEA1 /* San Francisco (Light).otf */,
				A2DF2C9828199CE20089DEA1 /* San Francisco (Medium Italic).otf */,
				A2DF2C9B28199CE20089DEA1 /* San Francisco (Medium).otf */,
				A2DF2C9D28199CE20089DEA1 /* San Francisco (Regular Italic).otf */,
				A2DF2C9928199CE20089DEA1 /* San Francisco (Regular).otf */,
				A2DF2C9A28199CE20089DEA1 /* San Francisco (Semibold Italic).otf */,
				A2DF2C9C28199CE20089DEA1 /* San Francisco (Semibold).otf */,
			);
			path = "San Francisco Font";
			sourceTree = "<group>";
		};
		A2DF2CAE28199CE90089DEA1 /* Images */ = {
			isa = PBXGroup;
			children = (
				A2DF2C5A28199B670089DEA1 /* Assets.xcassets */,
			);
			path = Images;
			sourceTree = "<group>";
		};
		A2DF2CBE28199D630089DEA1 /* Views */ = {
			isa = PBXGroup;
			children = (
				B90701D32C17D27100F80A02 /* DetailPageView */,
				B90701DC2C17D3C800F80A02 /* EmptyPageView */,
				B9E7D41B2AAC1ED700FAF2A9 /* SamplePageView */,
				B9F361602C18E12600586D1D /* SampleContentContainerView.swift */,
			);
			path = Views;
			sourceTree = "<group>";
		};
		B715D9B1ECFB89E634B86164 /* Pods */ = {
			isa = PBXGroup;
			children = (
				3A9B1E9D904D7BFD358EAC0D /* Pods-Template.debug.xcconfig */,
				CF52460DFCE5E62E30711A79 /* Pods-Template.release.xcconfig */,
			);
			path = Pods;
			sourceTree = "<group>";
		};
		B90701D32C17D27100F80A02 /* DetailPageView */ = {
			isa = PBXGroup;
			children = (
				B90701E32C17D42700F80A02 /* DetailPageReducer.swift */,
				B90701E12C17D41F00F80A02 /* DetailPageView.swift */,
			);
			path = DetailPageView;
			sourceTree = "<group>";
		};
		B90701D52C17D33A00F80A02 /* SplashPageView */ = {
			isa = PBXGroup;
			children = (
				B90701D82C17D34B00F80A02 /* SplashPageReducer.swift */,
				B90701D62C17D34300F80A02 /* SplashPageView.swift */,
			);
			path = SplashPageView;
			sourceTree = "<group>";
		};
		B90701DC2C17D3C800F80A02 /* EmptyPageView */ = {
			isa = PBXGroup;
			children = (
				B9C5E9122AB161B6004D79DA /* EmptyPageReducer.swift */,
				B90701DA2C17D3C000F80A02 /* EmptyPageView.swift */,
			);
			path = EmptyPageView;
			sourceTree = "<group>";
		};
		B91A0E242AFF2F8600E3C1A0 /* Modules */ = {
			isa = PBXGroup;
			children = (
				B91A10F82AFF362000E3C1A0 /* Content */,
			);
			path = Modules;
			sourceTree = "<group>";
		};
		B91A0E252AFF2F9100E3C1A0 /* Sample */ = {
			isa = PBXGroup;
			children = (
				B9F361592C18DD5500586D1D /* Constants */,
				A2DF2CBE28199D630089DEA1 /* Views */,
			);
			path = Sample;
			sourceTree = "<group>";
		};
		B91A10F82AFF362000E3C1A0 /* Content */ = {
			isa = PBXGroup;
			children = (
				B9B05D202D83DC2B00E7945E /* Shared */,
				B91A0E252AFF2F9100E3C1A0 /* Sample */,
			);
			path = Content;
			sourceTree = "<group>";
		};
		B91C90342D821B2900959AEB /* Delegates */ = {
			isa = PBXGroup;
			children = (
				A2DF2C5428199B660089DEA1 /* AppDelegate.swift */,
				A2DF2C5628199B660089DEA1 /* SceneDelegate.swift */,
			);
			path = Delegates;
			sourceTree = "<group>";
		};
		B94657702AABC6200091193B /* Navigation */ = {
			isa = PBXGroup;
			children = (
				B91C902E2D82159400959AEB /* NavigationCoordinatorDependency.swift */,
				B90701CD2C17BE7600F80A02 /* RootNavigationService.swift */,
				B90701E52C17E55000F80A02 /* RootNavigator.swift */,
				B9CCEBC82C8ED50700CB9C01 /* RootView.swift */,
			);
			path = Navigation;
			sourceTree = "<group>";
		};
		B99B1DC929E4C7EC00117D42 /* Themes */ = {
			isa = PBXGroup;
			children = (
				B99B1DBF29E4C45000117D42 /* AppThemes.swift */,
				B99B1DB929E4C2AF00117D42 /* CustomColors.swift */,
			);
			path = Themes;
			sourceTree = "<group>";
		};
		B9B05D202D83DC2B00E7945E /* Shared */ = {
			isa = PBXGroup;
			children = (
				B9B05D212D83DC2F00E7945E /* Constants */,
				B9B05D222D83DC3300E7945E /* Views */,
			);
			path = Shared;
			sourceTree = "<group>";
		};
		B9B05D212D83DC2F00E7945E /* Constants */ = {
			isa = PBXGroup;
			children = (
				B9F3615A2C18DD6000586D1D /* AppConstants+SplashPageView.swift */,
			);
			path = Constants;
			sourceTree = "<group>";
		};
		B9B05D222D83DC3300E7945E /* Views */ = {
			isa = PBXGroup;
			children = (
				B90701D52C17D33A00F80A02 /* SplashPageView */,
			);
			path = Views;
			sourceTree = "<group>";
		};
		B9D2410D2B85484E00E26CC6 /* Property Lists */ = {
			isa = PBXGroup;
			children = (
				B9D2410E2B85487000E26CC6 /* Info.plist */,
				A206F7D928AC4FD7008FFE18 /* LocalizedStrings.plist */,
			);
			path = "Property Lists";
			sourceTree = "<group>";
		};
		B9E7D41B2AAC1ED700FAF2A9 /* SamplePageView */ = {
			isa = PBXGroup;
			children = (
				B9E7D41C2AAC1ED700FAF2A9 /* View */,
				B9E7D41F2AAC1ED700FAF2A9 /* SamplePageReducer.swift */,
				B93BCDE42AAD9A1A00AA16FE /* SamplePageViewStrings.swift */,
			);
			path = SamplePageView;
			sourceTree = "<group>";
		};
		B9E7D41C2AAC1ED700FAF2A9 /* View */ = {
			isa = PBXGroup;
			children = (
				B9E7D41D2AAC1ED700FAF2A9 /* SampleContentPageView.swift */,
				B9E7D41E2AAC1ED700FAF2A9 /* SamplePageView.swift */,
			);
			path = View;
			sourceTree = "<group>";
		};
		B9E7D4522AAC3E0300FAF2A9 /* Other */ = {
			isa = PBXGroup;
			children = (
				B9124EDD2AAFB27A00590B7B /* Localizable.strings */,
				A2DF2C8828199CBC0089DEA1 /* San Francisco Font */,
			);
			path = Other;
			sourceTree = "<group>";
		};
		B9E7D4542AAC400B00FAF2A9 /* Bundle */ = {
			isa = PBXGroup;
			children = (
				B91C90342D821B2900959AEB /* Delegates */,
				B9F361522C18B56800586D1D /* Navigators */,
				B99B1DC929E4C7EC00117D42 /* Themes */,
				B9E2E60E2C72E554004022FE /* CacheDomains.swift */,
				B9C5830729BECE59009DCE29 /* DevModeActions.swift */,
				B91688D928FE0E4C004C80A2 /* ExceptionCatalog.swift */,
				B934570A2AABFC7100944602 /* LocalizedStringKeys.swift */,
				B92409842AB2DFC0004CF4C0 /* LoggerDomains.swift */,
				B9E7D43E2AAC223700FAF2A9 /* Observables.swift */,
				B978B19C2B87CE3200AA007A /* RootSheet.swift */,
				B9CCEBBF2C8E6DD800CB9C01 /* StoredItemKeys.swift */,
				B9BB3CF22AC0C6B50077D1BC /* TranslatedLabelStringCollection.swift */,
				B99F13F32A280A0500B9FCE2 /* UserDefaultsKeys.swift */,
			);
			path = Bundle;
			sourceTree = "<group>";
		};
		B9F361522C18B56800586D1D /* Navigators */ = {
			isa = PBXGroup;
			children = (
				B9F361532C18B58000586D1D /* SampleContentNavigator.swift */,
			);
			path = Navigators;
			sourceTree = "<group>";
		};
		B9F361592C18DD5500586D1D /* Constants */ = {
			isa = PBXGroup;
			children = (
				B9F3615C2C18DD7200586D1D /* AppConstants+DetailPageView.swift */,
				B9F3615E2C18DD7A00586D1D /* AppConstants+SamplePageView.swift */,
			);
			path = Constants;
			sourceTree = "<group>";
		};
/* End PBXGroup section */

/* Begin PBXNativeTarget section */
		A2DF2C5028199B660089DEA1 /* Template */ = {
			isa = PBXNativeTarget;
			buildConfigurationList = A2DF2C6528199B670089DEA1 /* Build configuration list for PBXNativeTarget "Template" */;
			buildPhases = (
				F34BB2715D098A64B21A6C6F /* [CP] Check Pods Manifest.lock */,
				B98145F22AB4F34100937D37 /* Run SwiftFormat */,
				A2DF2C4D28199B660089DEA1 /* Sources */,
				B98145F32AB4F51700937D37 /* Run SwiftLint */,
				A2DF2C4E28199B660089DEA1 /* Frameworks */,
				A2DF2C4F28199B660089DEA1 /* Resources */,
				A2DF2CC228199F000089DEA1 /* Update Build Information */,
			);
			buildRules = (
			);
			dependencies = (
			);
			name = Template;
			packageProductDependencies = (
				B921F4122CCF3305006BB149 /* AppSubsystem */,
				B91C902C2D82132500959AEB /* AppSubsystem */,
				B91C90362D82229600959AEB /* AppSubsystem */,
				B91C903F2D822E0600959AEB /* AppSubsystem */,
				B91C90422D824FC900959AEB /* AppSubsystem */,
			);
			productName = Application;
			productReference = A2DF2C5128199B660089DEA1 /* Template.app */;
			productType = "com.apple.product-type.application";
		};
/* End PBXNativeTarget section */

/* Begin PBXProject section */
		A2DF2C4928199B660089DEA1 /* Project object */ = {
			isa = PBXProject;
			attributes = {
				BuildIndependentTargetsInParallel = YES;
				LastSwiftUpdateCheck = 1220;
				LastUpgradeCheck = 1600;
				TargetAttributes = {
					A2DF2C5028199B660089DEA1 = {
						CreatedOnToolsVersion = 12.2;
					};
				};
			};
			buildConfigurationList = A2DF2C4C28199B660089DEA1 /* Build configuration list for PBXProject "Template" */;
			compatibilityVersion = "Xcode 9.3";
			developmentRegion = en;
			hasScannedForEncodings = 0;
			knownRegions = (
				en,
				Base,
				ar,
				ca,
				"zh-HK",
				"zh-Hans",
				"zh-Hant",
				hr,
				cs,
				da,
				nl,
				fi,
				fr,
				de,
				el,
				he,
				hu,
				hi,
				id,
				it,
				ja,
				ko,
				pl,
				"pt-BR",
				ro,
				ru,
				sk,
				es,
				sv,
				th,
				tr,
				uk,
				vi,
				af,
				sq,
				hy,
				az,
				bn,
				eu,
				be,
				bs,
				bg,
				eo,
				et,
				gl,
				ka,
				gu,
				ht,
				is,
				ga,
				kn,
				kk,
				ky,
				lt,
				mk,
				mg,
				ml,
				mt,
				mi,
				mn,
				fa,
				pa,
				gd,
				sr,
				si,
				sl,
				su,
				sw,
				tg,
				tt,
				te,
				ta,
				ur,
				uz,
				cy,
				yi,
			);
			mainGroup = A2DF2C4828199B660089DEA1;
			packageReferences = (
				B91C90412D824FC900959AEB /* XCRemoteSwiftPackageReference "app-subsystem" */,
			);
			productRefGroup = A2DF2C5228199B660089DEA1 /* Products */;
			projectDirPath = "";
			projectRoot = "";
			targets = (
				A2DF2C5028199B660089DEA1 /* Template */,
			);
		};
/* End PBXProject section */

/* Begin PBXResourcesBuildPhase section */
		A2DF2C4F28199B660089DEA1 /* Resources */ = {
			isa = PBXResourcesBuildPhase;
			buildActionMask = 2147483647;
			files = (
				A2DF2CA328199CE20089DEA1 /* San Francisco (Heavy).otf in Resources */,
				A2DF2CA728199CE20089DEA1 /* San Francisco (Medium).otf in Resources */,
				A2DF2CA528199CE20089DEA1 /* San Francisco (Regular).otf in Resources */,
				A2DF2C7328199C3C0089DEA1 /* Chime.mp3 in Resources */,
				A2DF2CA828199CE20089DEA1 /* San Francisco (Semibold).otf in Resources */,
				A2DF2C7628199C400089DEA1 /* Chord.mp3 in Resources */,
				A2DF2CA428199CE20089DEA1 /* San Francisco (Medium Italic).otf in Resources */,
				A2DF2CAA28199CE20089DEA1 /* San Francisco (Light).otf in Resources */,
				A2DF2CA928199CE20089DEA1 /* San Francisco (Regular Italic).otf in Resources */,
				A2DF2CAC28199CE20089DEA1 /* San Francisco (Light Italic).otf in Resources */,
				A2DF2CAB28199CE20089DEA1 /* San Francisco (Bold).otf in Resources */,
				A2DF2CA128199CE20089DEA1 /* San Francisco (Heavy Italic).otf in Resources */,
				A2DF2C5B28199B670089DEA1 /* Assets.xcassets in Resources */,
				A2DF2CA228199CE20089DEA1 /* San Francisco (Bold Italic).otf in Resources */,
				B9124EDB2AAFB27A00590B7B /* Localizable.strings in Resources */,
				A206F7DA28AC4FD7008FFE18 /* LocalizedStrings.plist in Resources */,
				A2DF2CA628199CE20089DEA1 /* San Francisco (Semibold Italic).otf in Resources */,
			);
			runOnlyForDeploymentPostprocessing = 0;
		};
/* End PBXResourcesBuildPhase section */

/* Begin PBXShellScriptBuildPhase section */
		A2DF2CC228199F000089DEA1 /* Update Build Information */ = {
			isa = PBXShellScriptBuildPhase;
			alwaysOutOfDate = 1;
			buildActionMask = 2147483647;
			files = (
			);
			inputFileListPaths = (
			);
			inputPaths = (
			);
			name = "Update Build Information";
			outputFileListPaths = (
			);
			outputPaths = (
			);
			runOnlyForDeploymentPostprocessing = 0;
			shellPath = /bin/sh;
			shellScript = "#!/bin/bash\nBUILD_NUMBER=$(/usr/libexec/PlistBuddy -c \"Print CFBundleVersion\" \"$INFOPLIST_FILE\")\nBUILD_NUMBER=$(($BUILD_NUMBER + 1))\nbuild_date=`date +%s`\n\n/usr/libexec/PlistBuddy -c \"Set :CFBuildDate $build_date\" \"$INFOPLIST_FILE\"\n/usr/libexec/PlistBuddy -c \"Set :CFBundleVersion $BUILD_NUMBER\" \"$INFOPLIST_FILE\"\n";
		};
		B98145F22AB4F34100937D37 /* Run SwiftFormat */ = {
			isa = PBXShellScriptBuildPhase;
			alwaysOutOfDate = 1;
			buildActionMask = 2147483647;
			files = (
			);
			inputFileListPaths = (
			);
			inputPaths = (
			);
			name = "Run SwiftFormat";
			outputFileListPaths = (
			);
			outputPaths = (
			);
			runOnlyForDeploymentPostprocessing = 0;
			shellPath = /bin/sh;
			shellScript = "${PODS_ROOT}/SwiftFormat/CommandLineTool/swiftformat --config ${SRCROOT}/.swiftformat $SRCROOT\n";
		};
		B98145F32AB4F51700937D37 /* Run SwiftLint */ = {
			isa = PBXShellScriptBuildPhase;
			alwaysOutOfDate = 1;
			buildActionMask = 2147483647;
			files = (
			);
			inputFileListPaths = (
			);
			inputPaths = (
			);
			name = "Run SwiftLint";
			outputFileListPaths = (
			);
			outputPaths = (
			);
			runOnlyForDeploymentPostprocessing = 0;
			shellPath = /bin/sh;
			shellScript = "${PODS_ROOT}/SwiftLint/swiftlint\n";
		};
		F34BB2715D098A64B21A6C6F /* [CP] Check Pods Manifest.lock */ = {
			isa = PBXShellScriptBuildPhase;
			buildActionMask = 2147483647;
			files = (
			);
			inputFileListPaths = (
			);
			inputPaths = (
				"${PODS_PODFILE_DIR_PATH}/Podfile.lock",
				"${PODS_ROOT}/Manifest.lock",
			);
			name = "[CP] Check Pods Manifest.lock";
			outputFileListPaths = (
			);
			outputPaths = (
				"$(DERIVED_FILE_DIR)/Pods-Template-checkManifestLockResult.txt",
			);
			runOnlyForDeploymentPostprocessing = 0;
			shellPath = /bin/sh;
			shellScript = "diff \"${PODS_PODFILE_DIR_PATH}/Podfile.lock\" \"${PODS_ROOT}/Manifest.lock\" > /dev/null\nif [ $? != 0 ] ; then\n    # print error to STDERR\n    echo \"error: The sandbox is not in sync with the Podfile.lock. Run 'pod install' or update your CocoaPods installation.\" >&2\n    exit 1\nfi\n# This output is used by Xcode 'outputs' to avoid re-running this script phase.\necho \"SUCCESS\" > \"${SCRIPT_OUTPUT_FILE_0}\"\n";
			showEnvVarsInLog = 0;
		};
/* End PBXShellScriptBuildPhase section */

/* Begin PBXSourcesBuildPhase section */
		A2DF2C4D28199B660089DEA1 /* Sources */ = {
			isa = PBXSourcesBuildPhase;
			buildActionMask = 2147483647;
			files = (
				B9CCEBD12C8F83A200CB9C01 /* Application.swift in Sources */,
				B9F361542C18B58000586D1D /* SampleContentNavigator.swift in Sources */,
				B9E7D43F2AAC223700FAF2A9 /* Observables.swift in Sources */,
				B90701D92C17D34B00F80A02 /* SplashPageReducer.swift in Sources */,
				B9C5E9132AB161B6004D79DA /* EmptyPageReducer.swift in Sources */,
				A2DF2C5528199B660089DEA1 /* AppDelegate.swift in Sources */,
				B91C902F2D82159400959AEB /* NavigationCoordinatorDependency.swift in Sources */,
				A2DF2C5728199B660089DEA1 /* SceneDelegate.swift in Sources */,
				B9F361612C18E12600586D1D /* SampleContentContainerView.swift in Sources */,
				B934570B2AABFC7100944602 /* LocalizedStringKeys.swift in Sources */,
				B9F3615B2C18DD6000586D1D /* AppConstants+SplashPageView.swift in Sources */,
				B90701CE2C17BE7600F80A02 /* RootNavigationService.swift in Sources */,
				B91688DA28FE0E4C004C80A2 /* ExceptionCatalog.swift in Sources */,
				B9F3615D2C18DD7200586D1D /* AppConstants+DetailPageView.swift in Sources */,
				B9E7D4202AAC1ED700FAF2A9 /* SampleContentPageView.swift in Sources */,
				B9E7D4222AAC1ED700FAF2A9 /* SamplePageReducer.swift in Sources */,
				B90701E42C17D42700F80A02 /* DetailPageReducer.swift in Sources */,
				B9E2E60F2C72E554004022FE /* CacheDomains.swift in Sources */,
				B99F13F42A280A0500B9FCE2 /* UserDefaultsKeys.swift in Sources */,
				B93BCDE52AAD9A1A00AA16FE /* SamplePageViewStrings.swift in Sources */,
				B9F3615F2C18DD7A00586D1D /* AppConstants+SamplePageView.swift in Sources */,
				B9BB3CF32AC0C6B50077D1BC /* TranslatedLabelStringCollection.swift in Sources */,
				B90701DB2C17D3C000F80A02 /* EmptyPageView.swift in Sources */,
				B90701E22C17D41F00F80A02 /* DetailPageView.swift in Sources */,
				B9CCEBCD2C8ED50700CB9C01 /* RootView.swift in Sources */,
				B99B1DBA29E4C2AF00117D42 /* CustomColors.swift in Sources */,
				B9C5830829BECE59009DCE29 /* DevModeActions.swift in Sources */,
				B99B1DC029E4C45000117D42 /* AppThemes.swift in Sources */,
				B90701D72C17D34300F80A02 /* SplashPageView.swift in Sources */,
				B9CCEBC02C8E6DD800CB9C01 /* StoredItemKeys.swift in Sources */,
				B90701E62C17E55000F80A02 /* RootNavigator.swift in Sources */,
				B9E7D4212AAC1ED700FAF2A9 /* SamplePageView.swift in Sources */,
				B92409852AB2DFC0004CF4C0 /* LoggerDomains.swift in Sources */,
				B978B19D2B87CE3200AA007A /* RootSheet.swift in Sources */,
			);
			runOnlyForDeploymentPostprocessing = 0;
		};
/* End PBXSourcesBuildPhase section */

/* Begin PBXVariantGroup section */
		B9124EDD2AAFB27A00590B7B /* Localizable.strings */ = {
			isa = PBXVariantGroup;
			children = (
				B9124EDC2AAFB27A00590B7B /* en */,
				B9124EDE2AAFB28100590B7B /* af */,
				B9124EDF2AAFB2B900590B7B /* sq */,
				B9124EE02AAFB2BA00590B7B /* ar */,
				B9124EE12AAFB2BA00590B7B /* hy */,
				B9124EE22AAFB2BB00590B7B /* az */,
				B9124EE32AAFB2BC00590B7B /* bn */,
				B9124EE42AAFB2BC00590B7B /* eu */,
				B9124EE52AAFB2BD00590B7B /* be */,
				B9124EE62AAFB2BD00590B7B /* bs */,
				B9124EE72AAFB2BD00590B7B /* bg */,
				B9124EE82AAFB2BE00590B7B /* ca */,
				B9124EE92AAFB2BE00590B7B /* zh-HK */,
				B9124EEA2AAFB2BF00590B7B /* zh-Hans */,
				B9124EEB2AAFB2C000590B7B /* zh-Hant */,
				B9124EEC2AAFB2C300590B7B /* hr */,
				B9124EED2AAFB2C400590B7B /* cs */,
				B9124EEE2AAFB2C700590B7B /* da */,
				B9124EEF2AAFB2C800590B7B /* nl */,
				B9124EF02AAFB2C900590B7B /* eo */,
				B9124EF12AAFB2CA00590B7B /* et */,
				B9124EF22AAFB2CA00590B7B /* fi */,
				B9124EF32AAFB2CB00590B7B /* fr */,
				B9124EF42AAFB2CC00590B7B /* gl */,
				B9124EF52AAFB2CD00590B7B /* ka */,
				B9124EF62AAFB2CE00590B7B /* de */,
				B9124EF72AAFB2CF00590B7B /* el */,
				B9124EF82AAFB2D000590B7B /* gu */,
				B9124EF92AAFB2D000590B7B /* ht */,
				B9124EFA2AAFB2D100590B7B /* he */,
				B9124EFB2AAFB2D200590B7B /* hi */,
				B9124EFC2AAFB2D300590B7B /* hu */,
				B9124EFD2AAFB2D400590B7B /* is */,
				B9124EFE2AAFB2D500590B7B /* id */,
				B9124EFF2AAFB2D600590B7B /* ga */,
				B9124F002AAFB2D700590B7B /* it */,
				B9124F012AAFB2D800590B7B /* ja */,
				B9124F022AAFB2D900590B7B /* kn */,
				B9124F032AAFB2DA00590B7B /* kk */,
				B9124F042AAFB2DB00590B7B /* ko */,
				B9124F052AAFB2DB00590B7B /* ky */,
				B9124F062AAFB2DC00590B7B /* lt */,
				B9124F072AAFB2DD00590B7B /* ml */,
				B9124F082AAFB2DE00590B7B /* mk */,
				B9124F092AAFB2DE00590B7B /* mg */,
				B9124F0A2AAFB2E000590B7B /* mt */,
				B9124F0B2AAFB2E100590B7B /* mi */,
				B9124F0C2AAFB2E100590B7B /* mn */,
				B9124F0D2AAFB2E200590B7B /* fa */,
				B9124F0E2AAFB2E200590B7B /* pl */,
				B9124F0F2AAFB2E300590B7B /* pt-BR */,
				B9124F102AAFB2E400590B7B /* pa */,
				B9124F112AAFB2E600590B7B /* ro */,
				B9124F122AAFB2E700590B7B /* ru */,
				B9124F132AAFB2E700590B7B /* gd */,
				B9124F142AAFB2E800590B7B /* sr */,
				B9124F152AAFB2E800590B7B /* sk */,
				B9124F162AAFB2E900590B7B /* si */,
				B9124F172AAFB2EA00590B7B /* sl */,
				B9124F182AAFB2EB00590B7B /* es */,
				B9124F192AAFB2EC00590B7B /* su */,
				B9124F1A2AAFB2EC00590B7B /* sw */,
				B9124F1B2AAFB2ED00590B7B /* sv */,
				B9124F1C2AAFB2EE00590B7B /* tg */,
				B9124F1D2AAFB2F000590B7B /* ta */,
				B9124F1E2AAFB2F100590B7B /* tt */,
				B9124F1F2AAFB2F200590B7B /* te */,
				B9124F202AAFB2F300590B7B /* th */,
				B9124F212AAFB2F400590B7B /* tr */,
				B9124F222AAFB2F500590B7B /* uk */,
				B9124F232AAFB2F500590B7B /* ur */,
				B9124F242AAFB2F600590B7B /* uz */,
				B9124F252AAFB2F700590B7B /* vi */,
				B9124F262AAFB2F800590B7B /* cy */,
				B9124F272AAFB2F900590B7B /* yi */,
			);
			name = Localizable.strings;
			sourceTree = "<group>";
		};
/* End PBXVariantGroup section */

/* Begin XCBuildConfiguration section */
		A2DF2C6328199B670089DEA1 /* Debug */ = {
			isa = XCBuildConfiguration;
			buildSettings = {
				ALWAYS_SEARCH_USER_PATHS = NO;
				ASSETCATALOG_COMPILER_GENERATE_SWIFT_ASSET_SYMBOL_EXTENSIONS = YES;
				CLANG_ANALYZER_LOCALIZABILITY_NONLOCALIZED = YES;
				CLANG_ANALYZER_NONNULL = YES;
				CLANG_ANALYZER_NUMBER_OBJECT_CONVERSION = YES_AGGRESSIVE;
				CLANG_CXX_LANGUAGE_STANDARD = "gnu++14";
				CLANG_CXX_LIBRARY = "libc++";
				CLANG_ENABLE_MODULES = YES;
				CLANG_ENABLE_OBJC_ARC = YES;
				CLANG_ENABLE_OBJC_WEAK = YES;
				CLANG_WARN_BLOCK_CAPTURE_AUTORELEASING = YES;
				CLANG_WARN_BOOL_CONVERSION = YES;
				CLANG_WARN_COMMA = YES;
				CLANG_WARN_CONSTANT_CONVERSION = YES;
				CLANG_WARN_DEPRECATED_OBJC_IMPLEMENTATIONS = YES;
				CLANG_WARN_DIRECT_OBJC_ISA_USAGE = YES_ERROR;
				CLANG_WARN_DOCUMENTATION_COMMENTS = YES;
				CLANG_WARN_EMPTY_BODY = YES;
				CLANG_WARN_ENUM_CONVERSION = YES;
				CLANG_WARN_INFINITE_RECURSION = YES;
				CLANG_WARN_INT_CONVERSION = YES;
				CLANG_WARN_NON_LITERAL_NULL_CONVERSION = YES;
				CLANG_WARN_OBJC_IMPLICIT_RETAIN_SELF = YES;
				CLANG_WARN_OBJC_LITERAL_CONVERSION = YES;
				CLANG_WARN_OBJC_ROOT_CLASS = YES_ERROR;
				CLANG_WARN_QUOTED_INCLUDE_IN_FRAMEWORK_HEADER = YES;
				CLANG_WARN_RANGE_LOOP_ANALYSIS = YES;
				CLANG_WARN_STRICT_PROTOTYPES = YES;
				CLANG_WARN_SUSPICIOUS_MOVE = YES;
				CLANG_WARN_UNGUARDED_AVAILABILITY = YES_AGGRESSIVE;
				CLANG_WARN_UNREACHABLE_CODE = YES;
				CLANG_WARN__DUPLICATE_METHOD_MATCH = YES;
				COPY_PHASE_STRIP = NO;
				DEBUG_INFORMATION_FORMAT = dwarf;
				ENABLE_STRICT_OBJC_MSGSEND = YES;
				ENABLE_TESTABILITY = YES;
				ENABLE_USER_SCRIPT_SANDBOXING = NO;
				GCC_C_LANGUAGE_STANDARD = gnu11;
				GCC_DYNAMIC_NO_PIC = NO;
				GCC_NO_COMMON_BLOCKS = YES;
				GCC_OPTIMIZATION_LEVEL = 0;
				GCC_PREPROCESSOR_DEFINITIONS = (
					"DEBUG=1",
					"$(inherited)",
				);
				GCC_WARN_64_TO_32_BIT_CONVERSION = YES;
				GCC_WARN_ABOUT_RETURN_TYPE = YES_ERROR;
				GCC_WARN_UNDECLARED_SELECTOR = YES;
				GCC_WARN_UNINITIALIZED_AUTOS = YES_AGGRESSIVE;
				GCC_WARN_UNUSED_FUNCTION = YES;
				GCC_WARN_UNUSED_VARIABLE = YES;
				IPHONEOS_DEPLOYMENT_TARGET = 16.0;
				MTL_ENABLE_DEBUG_INFO = INCLUDE_SOURCE;
				MTL_FAST_MATH = YES;
				ONLY_ACTIVE_ARCH = YES;
				SDKROOT = iphoneos;
				SWIFT_ACTIVE_COMPILATION_CONDITIONS = DEBUG;
				SWIFT_OPTIMIZATION_LEVEL = "-Onone";
			};
			name = Debug;
		};
		A2DF2C6428199B670089DEA1 /* Release */ = {
			isa = XCBuildConfiguration;
			buildSettings = {
				ALWAYS_SEARCH_USER_PATHS = NO;
				ASSETCATALOG_COMPILER_GENERATE_SWIFT_ASSET_SYMBOL_EXTENSIONS = YES;
				CLANG_ANALYZER_LOCALIZABILITY_NONLOCALIZED = YES;
				CLANG_ANALYZER_NONNULL = YES;
				CLANG_ANALYZER_NUMBER_OBJECT_CONVERSION = YES_AGGRESSIVE;
				CLANG_CXX_LANGUAGE_STANDARD = "gnu++14";
				CLANG_CXX_LIBRARY = "libc++";
				CLANG_ENABLE_MODULES = YES;
				CLANG_ENABLE_OBJC_ARC = YES;
				CLANG_ENABLE_OBJC_WEAK = YES;
				CLANG_WARN_BLOCK_CAPTURE_AUTORELEASING = YES;
				CLANG_WARN_BOOL_CONVERSION = YES;
				CLANG_WARN_COMMA = YES;
				CLANG_WARN_CONSTANT_CONVERSION = YES;
				CLANG_WARN_DEPRECATED_OBJC_IMPLEMENTATIONS = YES;
				CLANG_WARN_DIRECT_OBJC_ISA_USAGE = YES_ERROR;
				CLANG_WARN_DOCUMENTATION_COMMENTS = YES;
				CLANG_WARN_EMPTY_BODY = YES;
				CLANG_WARN_ENUM_CONVERSION = YES;
				CLANG_WARN_INFINITE_RECURSION = YES;
				CLANG_WARN_INT_CONVERSION = YES;
				CLANG_WARN_NON_LITERAL_NULL_CONVERSION = YES;
				CLANG_WARN_OBJC_IMPLICIT_RETAIN_SELF = YES;
				CLANG_WARN_OBJC_LITERAL_CONVERSION = YES;
				CLANG_WARN_OBJC_ROOT_CLASS = YES_ERROR;
				CLANG_WARN_QUOTED_INCLUDE_IN_FRAMEWORK_HEADER = YES;
				CLANG_WARN_RANGE_LOOP_ANALYSIS = YES;
				CLANG_WARN_STRICT_PROTOTYPES = YES;
				CLANG_WARN_SUSPICIOUS_MOVE = YES;
				CLANG_WARN_UNGUARDED_AVAILABILITY = YES_AGGRESSIVE;
				CLANG_WARN_UNREACHABLE_CODE = YES;
				CLANG_WARN__DUPLICATE_METHOD_MATCH = YES;
				COPY_PHASE_STRIP = NO;
				DEBUG_INFORMATION_FORMAT = "dwarf-with-dsym";
				ENABLE_NS_ASSERTIONS = NO;
				ENABLE_STRICT_OBJC_MSGSEND = YES;
				ENABLE_USER_SCRIPT_SANDBOXING = NO;
				GCC_C_LANGUAGE_STANDARD = gnu11;
				GCC_NO_COMMON_BLOCKS = YES;
				GCC_WARN_64_TO_32_BIT_CONVERSION = YES;
				GCC_WARN_ABOUT_RETURN_TYPE = YES_ERROR;
				GCC_WARN_UNDECLARED_SELECTOR = YES;
				GCC_WARN_UNINITIALIZED_AUTOS = YES_AGGRESSIVE;
				GCC_WARN_UNUSED_FUNCTION = YES;
				GCC_WARN_UNUSED_VARIABLE = YES;
				IPHONEOS_DEPLOYMENT_TARGET = 16.0;
				MTL_ENABLE_DEBUG_INFO = NO;
				MTL_FAST_MATH = YES;
				SDKROOT = iphoneos;
				SWIFT_COMPILATION_MODE = wholemodule;
				SWIFT_OPTIMIZATION_LEVEL = "-O";
				VALIDATE_PRODUCT = YES;
			};
			name = Release;
		};
		A2DF2C6628199B670089DEA1 /* Debug */ = {
			isa = XCBuildConfiguration;
			baseConfigurationReference = 3A9B1E9D904D7BFD358EAC0D /* Pods-Template.debug.xcconfig */;
			buildSettings = {
				ASSETCATALOG_COMPILER_APPICON_NAME = "Application Icon";
				ASSETCATALOG_COMPILER_GLOBAL_ACCENT_COLOR_NAME = AccentColor;
				ASSETCATALOG_COMPILER_INCLUDE_ALL_APPICON_ASSETS = YES;
				CODE_SIGN_STYLE = Automatic;
				CURRENT_PROJECT_VERSION = 0;
				DEVELOPMENT_TEAM = 7R4R2FSWH9;
				ENABLE_PREVIEWS = YES;
				INFOPLIST_FILE = "Sources/Resources/Property Lists/Info.plist";
				IPHONEOS_DEPLOYMENT_TARGET = 17.0;
				LD_RUNPATH_SEARCH_PATHS = (
					"$(inherited)",
					"@executable_path/Frameworks",
				);
				MARKETING_VERSION = 0.0.0;
				PRODUCT_BUNDLE_IDENTIFIER = us.neotechnica.template;
				PRODUCT_NAME = "$(TARGET_NAME)";
				SWIFT_VERSION = 5.0;
				TARGETED_DEVICE_FAMILY = 1;
			};
			name = Debug;
		};
		A2DF2C6728199B670089DEA1 /* Release */ = {
			isa = XCBuildConfiguration;
			baseConfigurationReference = CF52460DFCE5E62E30711A79 /* Pods-Template.release.xcconfig */;
			buildSettings = {
				ASSETCATALOG_COMPILER_APPICON_NAME = "Application Icon";
				ASSETCATALOG_COMPILER_GLOBAL_ACCENT_COLOR_NAME = AccentColor;
				ASSETCATALOG_COMPILER_INCLUDE_ALL_APPICON_ASSETS = YES;
				CODE_SIGN_STYLE = Automatic;
				CURRENT_PROJECT_VERSION = 0;
				DEVELOPMENT_TEAM = 7R4R2FSWH9;
				ENABLE_PREVIEWS = YES;
				INFOPLIST_FILE = "Sources/Resources/Property Lists/Info.plist";
				IPHONEOS_DEPLOYMENT_TARGET = 17.0;
				LD_RUNPATH_SEARCH_PATHS = (
					"$(inherited)",
					"@executable_path/Frameworks",
				);
				MARKETING_VERSION = 0.0.0;
				PRODUCT_BUNDLE_IDENTIFIER = us.neotechnica.template;
				PRODUCT_NAME = "$(TARGET_NAME)";
				SWIFT_VERSION = 5.0;
				TARGETED_DEVICE_FAMILY = 1;
			};
			name = Release;
		};
/* End XCBuildConfiguration section */

/* Begin XCConfigurationList section */
		A2DF2C4C28199B660089DEA1 /* Build configuration list for PBXProject "Template" */ = {
			isa = XCConfigurationList;
			buildConfigurations = (
				A2DF2C6328199B670089DEA1 /* Debug */,
				A2DF2C6428199B670089DEA1 /* Release */,
			);
			defaultConfigurationIsVisible = 0;
			defaultConfigurationName = Release;
		};
		A2DF2C6528199B670089DEA1 /* Build configuration list for PBXNativeTarget "Template" */ = {
			isa = XCConfigurationList;
			buildConfigurations = (
				A2DF2C6628199B670089DEA1 /* Debug */,
				A2DF2C6728199B670089DEA1 /* Release */,
			);
			defaultConfigurationIsVisible = 0;
			defaultConfigurationName = Release;
		};
/* End XCConfigurationList section */

/* Begin XCRemoteSwiftPackageReference section */
		B91C90412D824FC900959AEB /* XCRemoteSwiftPackageReference "app-subsystem" */ = {
			isa = XCRemoteSwiftPackageReference;
			repositoryURL = "https://github.com/grantbrooksgoodman/app-subsystem";
			requirement = {
				branch = main;
				kind = branch;
			};
		};
/* End XCRemoteSwiftPackageReference section */

/* Begin XCSwiftPackageProductDependency section */
		B91C902C2D82132500959AEB /* AppSubsystem */ = {
			isa = XCSwiftPackageProductDependency;
			productName = AppSubsystem;
		};
		B91C90362D82229600959AEB /* AppSubsystem */ = {
			isa = XCSwiftPackageProductDependency;
			productName = AppSubsystem;
		};
		B91C903F2D822E0600959AEB /* AppSubsystem */ = {
			isa = XCSwiftPackageProductDependency;
			productName = AppSubsystem;
		};
		B91C90422D824FC900959AEB /* AppSubsystem */ = {
			isa = XCSwiftPackageProductDependency;
			package = B91C90412D824FC900959AEB /* XCRemoteSwiftPackageReference "app-subsystem" */;
			productName = AppSubsystem;
		};
		B921F4122CCF3305006BB149 /* AppSubsystem */ = {
			isa = XCSwiftPackageProductDependency;
			productName = AppSubsystem;
		};
/* End XCSwiftPackageProductDependency section */
	};
	rootObject = A2DF2C4928199B660089DEA1 /* Project object */;
}
