{
  "originHash" : "9df09ab589b0d8849a515529fe179574c6c9a29cb6174fe4d259a52b1774e3b4",
  "pins" : [
    {
      "identity" : "alert-kit",
      "kind" : "remoteSourceControl",
      "location" : "https://github.com/grantbrooksgoodman/alert-kit",
      "state" : {
        "branch" : "main",
        "revision" : "e64c53e37dbcfc831575b8841bbc0ad65f38af89"
      }
    },
    {
      "identity" : "app-subsystem",
      "kind" : "remoteSourceControl",
      "location" : "https://github.com/grantbrooksgoodman/app-subsystem",
      "state" : {
        "branch" : "main",
        "revision" : "5752c7897beba33a24754707374990b3881635d4"
      }
    },
    {
      "identity" : "component-kit",
      "kind" : "remoteSourceControl",
      "location" : "https://github.com/grantbrooksgoodman/component-kit",
      "state" : {
        "branch" : "main",
        "revision" : "cf5acb1b1dc9b9ad00ba007c6afd9798cce1ec62"
      }
    },
    {
      "identity" : "translator",
      "kind" : "remoteSourceControl",
      "location" : "https://github.com/grantbrooksgoodman/translator",
      "state" : {
        "branch" : "main",
        "revision" : "6b1a81d5924f4a03043ebc7c43257133b0aa42d4"
      }
    }
  ],
  "version" : 3
}
