{
  "originHash" : "9df09ab589b0d8849a515529fe179574c6c9a29cb6174fe4d259a52b1774e3b4",
  "pins" : [
    {
      "identity" : "alert-kit",
      "kind" : "remoteSourceControl",
      "location" : "https://github.com/grantbrooksgoodman/alert-kit",
      "state" : {
        "revision" : "4d477725deec2d3bdcd1deff1cd57c958413dcd8",
        "version" : "1.0.0"
      }
    },
    {
      "identity" : "app-subsystem",
      "kind" : "remoteSourceControl",
      "location" : "https://github.com/grantbrooksgoodman/app-subsystem",
      "state" : {
        "revision" : "6a71b8d64c2e7540046a07c135f6d4664cdb4365",
        "version" : "1.0.0"
      }
    },
    {
      "identity" : "component-kit",
      "kind" : "remoteSourceControl",
      "location" : "https://github.com/grantbrooksgoodman/component-kit",
      "state" : {
        "revision" : "bb8e0d3d21adeb1e2bf559e3eef999cc079b7f77",
        "version" : "1.0.0"
      }
    },
    {
      "identity" : "translator",
      "kind" : "remoteSourceControl",
      "location" : "https://github.com/grantbrooksgoodman/translator",
      "state" : {
        "revision" : "8bc631ec5f73ff3cef0ba04871d78f57564e6906",
        "version" : "1.0.0"
      }
    }
  ],
  "version" : 3
}
